
Microsoft Visual Studio Solution File, Format Version 12.00
# Visual Studio Version 16
VisualStudioVersion = 16.0.30717.126
MinimumVisualStudioVersion = 10.0.40219.1
Project("{FAE04EC0-301F-11D3-BF4B-00C04F79EFBC}") = "UI", "TresCamadasORM\UI.csproj", "{929FFFC3-1115-4CD5-ABB5-D31EC3F00920}"
EndProject
Project("{FAE04EC0-301F-11D3-BF4B-00C04F79EFBC}") = "Business", "Business\Business.csproj", "{87B0B7A5-9CB9-44B1-B83A-DB6010C50690}"
EndProject
Project("{FAE04EC0-301F-11D3-BF4B-00C04F79EFBC}") = "Database", "Database\Database.csproj", "{1414E6DB-E4CC-4D44-92A3-C180D40B4BB6}"
EndProject
Global
	GlobalSection(SolutionConfigurationPlatforms) = preSolution
		Debug|Any CPU = Debug|Any CPU
		Release|Any CPU = Release|Any CPU
	EndGlobalSection
	GlobalSection(ProjectConfigurationPlatforms) = postSolution
		{929FFFC3-1115-4CD5-ABB5-D31EC3F00920}.Debug|Any CPU.ActiveCfg = Debug|Any CPU
		{929FFFC3-1115-4CD5-ABB5-D31EC3F00920}.Debug|Any CPU.Build.0 = Debug|Any CPU
		{929FFFC3-1115-4CD5-ABB5-D31EC3F00920}.Release|Any CPU.ActiveCfg = Release|Any CPU
		{929FFFC3-1115-4CD5-ABB5-D31EC3F00920}.Release|Any CPU.Build.0 = Release|Any CPU
		{87B0B7A5-9CB9-44B1-B83A-DB6010C50690}.Debug|Any CPU.ActiveCfg = Debug|Any CPU
		{87B0B7A5-9CB9-44B1-B83A-DB6010C50690}.Debug|Any CPU.Build.0 = Debug|Any CPU
		{87B0B7A5-9CB9-44B1-B83A-DB6010C50690}.Release|Any CPU.ActiveCfg = Release|Any CPU
		{87B0B7A5-9CB9-44B1-B83A-DB6010C50690}.Release|Any CPU.Build.0 = Release|Any CPU
		{1414E6DB-E4CC-4D44-92A3-C180D40B4BB6}.Debug|Any CPU.ActiveCfg = Debug|Any CPU
		{1414E6DB-E4CC-4D44-92A3-C180D40B4BB6}.Debug|Any CPU.Build.0 = Debug|Any CPU
		{1414E6DB-E4CC-4D44-92A3-C180D40B4BB6}.Release|Any CPU.ActiveCfg = Release|Any CPU
		{1414E6DB-E4CC-4D44-92A3-C180D40B4BB6}.Release|Any CPU.Build.0 = Release|Any CPU
	EndGlobalSection
	GlobalSection(SolutionProperties) = preSolution
		HideSolutionNode = FALSE
	EndGlobalSection
	GlobalSection(ExtensibilityGlobals) = postSolution
		SolutionGuid = {1625D264-68BD-4420-B2BD-69256B8F7CCF}
	EndGlobalSection
EndGlobal
